version = 1
revision = 3
requires-python = ">=3.14"

[[package]]
name = "annotated-types"
version = "0.8.0"
source = { registry = "https://pypi.org/simple" }
sdist = { url = "https://files.pythonhosted.org/packages/5f/56/a8120250d128bed162cd73c76d45f6ef9991f3e068f62a8ee060afa3104a/annotated_types-0.8.0.tar.gz", hash = "sha256:13b2beaad985e05e2d6407ee4c4f35590b11f8d693a258a561055cac8f64cab7", size = 15893, upload-time = "2026-07-23T20:16:13.995Z" }
wheels = [
    { url = "https://files.pythonhosted.org/packages/99/91/8acff4f5e50511b911bbccb72b8628a49c68ce14148cd9f6431094859a90/annotated_types-0.8.0-py3-none-any.whl", hash = "sha256:f072f4d804ea359e4eaf198b1af7a8b0943881a87f31bb764f8bf219bb9419e0", size = 13427, upload-time = "2026-07-23T20:16:12.938Z" },
]

[[package]]
name = "colorama"
version = "0.4.6"
source = { registry = "https://pypi.org/simple" }
sdist = { url = "https://files.pythonhosted.org/packages/d8/53/6f443c9a4a8358a93a6792e2acffb9d9d5cb0a5cfd8802644b7b1c9a02e4/colorama-0.4.6.tar.gz", hash = "sha256:08695f5cb7ed6e0531a20572697297273c47b8cae5a63ffc6d6ed5c201be6e44", size = 27697, upload-time = "2022-10-25T02:36:22.414Z" }
wheels = [
    { url = "https://files.pythonhosted.org/packages/d1/d6/3965ed04c63042e047cb6a3e6ed1a63a35087b6a609aa3a15ed8ac56c221/colorama-0.4.6-py2.py3-none-any.whl", hash = "sha256:4f1d9991f5acc0ca119f9d443620b77f9d6b33703e51011c16baf57afb285fc6", size = 25335, upload-time = "2022-10-25T02:36:20.889Z" },
]

[[package]]
name = "iniconfig"
version = "2.3.0"
source = { registry = "https://pypi.org/simple" }
sdist = { url = "https://files.pythonhosted.org/packages/72/34/14ca021ce8e5dfedc35312d08ba8bf51fdd999c576889fc2c24cb97f4f10/iniconfig-2.3.0.tar.gz", hash = "sha256:c76315c77db068650d49c5b56314774a7804df16fee4402c1f19d6d15d8c4730", size = 20503, upload-time = "2025-10-18T21:55:43.219Z" }
wheels = [
    { url = "https://files.pythonhosted.org/packages/cb/b1/3846dd7f199d53cb17f49cba7e651e9ce294d8497c8c150530ed11865bb8/iniconfig-2.3.0-py3-none-any.whl", hash = "sha256:f631c04d2c48c52b84d0d0549c99ff3859c98df65b3101406327ecc7d53fbf12", size = 7484, upload-time = "2025-10-18T21:55:41.639Z" },
]

[[package]]
name = "packaging"
version = "26.3"
source = { registry = "https://pypi.org/simple" }
sdist = { url = "https://files.pythonhosted.org/packages/7d/fa/3944b40b07da9ce895c0e6303a5ab7d53da063554f534556b134a54d6093/packaging-26.3.tar.gz", hash = "sha256:94edc256424af38762eb31306eed28beb9f0efc50a8837492c9d6fd6004aed79", size = 313412, upload-time = "2026-08-04T18:15:28.737Z" }
wheels = [
    { url = "https://files.pythonhosted.org/packages/63/34/ba1c580383c9eada3711951fef0795c80b829a078d72188184bcab9dd527/packaging-26.3-py3-none-any.whl", hash = "sha256:d7193f7c8e4e93f444fde0262bf90af30e16fa0ad0ad44cb553c87339b23cd1c", size = 129956, upload-time = "2026-08-04T18:15:27.159Z" },
]

[[package]]
name = "pluggy"
version = "1.6.0"
source = { registry = "https://pypi.org/simple" }
sdist = { url = "https://files.pythonhosted.org/packages/f9/e2/3e91f31a7d2b083fe6ef3fa267035b518369d9511ffab804f839851d2779/pluggy-1.6.0.tar.gz", hash = "sha256:7dcc130b76258d33b90f61b658791dede3486c3e6bfb003ee5c9bfb396dd22f3", size = 69412, upload-time = "2025-05-15T12:30:07.975Z" }
wheels = [
    { url = "https://files.pythonhosted.org/packages/54/20/4d324d65cc6d9205fabedc306948156824eb9f0ee1633355a8f7ec5c66bf/pluggy-1.6.0-py3-none-any.whl", hash = "sha256:e920276dd6813095e9377c0bc5566d94c932c33b27a3e3945d8389c374dd4746", size = 20538, upload-time = "2025-05-15T12:30:06.134Z" },
]

[[package]]
name = "pulp-sec"
version = "0.1.0"
source = { editable = "." }
dependencies = [
    { name = "packaging" },
    { name = "pydantic-settings" },
    { name = "pyyaml" },
]

[package.dev-dependencies]
dev = [
    { name = "pytest" },
    { name = "ruff" },
    { name = "ty" },
]

[package.metadata]
requires-dist = [
    { name = "packaging", specifier = ">=26.3" },
    { name = "pydantic-settings", specifier = ">=2.14.2" },
    { name = "pyyaml", specifier = ">=6.0.3" },
]

[package.metadata.requires-dev]
dev = [
    { name = "pytest", specifier = ">=9.1.1" },
    { name = "ruff", specifier = ">=0.16.1" },
    { name = "ty", specifier = ">=0.0.69" },
]

[[package]]
name = "pydantic"
version = "2.13.5"
source = { registry = "https://pypi.org/simple" }
dependencies = [
    { name = "annotated-types" },
    { name = "pydantic-core" },
    { name = "typing-extensions" },
    { name = "typing-inspection" },
]
sdist = { url = "https://files.pythonhosted.org/packages/53/ef/fc4f868f4e2cee79f863883abffceff107875f569b848507319842d2a681/pydantic-2.13.5.tar.gz", hash = "sha256:51a9c5f7b2f8e636f04c6cada605d9b6a3bf1348fdf945a3d8869b19bba0ee08", size = 845750, upload-time = "2026-08-28T14:04:00.916Z" }
wheels = [
    { url = "https://files.pythonhosted.org/packages/eb/47/c95ffc2009878c7aac0c5e08528022dcb885933252a88b5f170058014464/pydantic-2.13.5-py3-none-any.whl", hash = "sha256:346a034f080da3755d8e9cb5e00e8b07de1d39e4f6e2c87d8ab7cafa0b269a73", size = 472589, upload-time = "2026-08-28T14:03:59.136Z" },
]

[[package]]
name = "pydantic-core"
version = "2.46.5"
source = { registry = "https://pypi.org/simple" }
dependencies = [
    { name = "typing-extensions" },
]
sdist = { url = "https://files.pythonhosted.org/packages/af/f9/8a06bea35ef8daf588f707784c973a7046e0034c8d8cfb08828eeffb8b75/pydantic_core-2.46.5.tar.gz", hash = "sha256:10416c15b8839ecc4ef4d0885da76da6fd0f67333a0eb8aff6d93c4b8f2910fc", size = 472262, upload-time = "2026-08-28T10:01:31.677Z" }
wheels = [
    { url = "https://files.pythonhosted.org/packages/8e/8a/14596f2a8367da50cf7cbac48169ee5d9c8e11d486a3b527082384630c72/pydantic_core-2.46.5-cp314-cp314-macosx_10_12_x86_64.whl", hash = "sha256:c1c43ad4339643d70ebb8124e1305a7dab423001eff58bb41a0f731adbc98355", size = 2074081, upload-time = "2026-08-28T09:59:16.141Z" },
    { url = "https://files.pythonhosted.org/packages/ae/d5/d8a4eb6d6c7f66b91dd37c576d76e9e60fba900caf5372c17bcf949febc2/pydantic_core-2.46.5-cp314-cp314-macosx_11_0_arm64.whl", hash = "sha256:1a353f84de772f423b5ffb11d7ae352fbbef0f446f3c0b0af0f8236d7233606e", size = 1920497, upload-time = "2026-08-28T09:59:18.065Z" },
    { url = "https://files.pythonhosted.org/packages/8e/26/092079428f86e927e030b2c0ced87df69dbb1c875cdeaa67bf42ea2be746/pydantic_core-2.46.5-cp314-cp314-manylinux_2_17_aarch64.manylinux2014_aarch64.whl", hash = "sha256:5086029a57366b8cf81b130a43908738095c270c21a8d7f0e8bdfdb89718e2f3", size = 1952130, upload-time = "2026-08-28T09:59:20.476Z" },
    { url = "https://files.pythonhosted.org/packages/08/c3/8ec0e290a9ebaebd64047bf5fda94be835c6b1551b02437e4b76778fbcd7/pydantic_core-2.46.5-cp314-cp314-manylinux_2_17_armv7l.manylinux2014_armv7l.whl", hash = "sha256:46c25dda9d092a06c08db76ffe0a197107904d0dfac653f7d5306bbcd6d6119c", size = 2026371, upload-time = "2026-08-28T09:59:22.227Z" },
    { url = "https://files.pythonhosted.org/packages/01/72/4fd20ad520fb8da0157f95b27a7eb05a72790ef08138e7701ac972c342ea/pydantic_core-2.46.5-cp314-cp314-manylinux_2_17_ppc64le.manylinux2014_ppc64le.whl", hash = "sha256:37ea7b83c935e5b0d68c9449b82651accf78a10828b2c02b2f2d9e9496446c21", size = 2202822, upload-time = "2026-08-28T09:59:24.277Z" },
    { url = "https://files.pythonhosted.org/packages/31/b0/d16e0771206b29314f0d52198b720be21e8a99ab2bf11e3bc0d7c9cebdff/pydantic_core-2.46.5-cp314-cp314-manylinux_2_17_s390x.manylinux2014_s390x.whl", hash = "sha256:e64e88d5585bea9ce95861079de72006c7fa6d3df4e3a3b65ba31eb979c15c9f", size = 2262756, upload-time = "2026-08-28T09:59:26.608Z" },
    { url = "https://files.pythonhosted.org/packages/2c/9b/59634b7ac631c63b2a37760eb6943af3e29573d6b59a4abc5e7f019d4cee/pydantic_core-2.46.5-cp314-cp314-manylinux_2_17_x86_64.manylinux2014_x86_64.whl", hash = "sha256:54d510bac3ee52247af28ed4bb18a1e799f040ac60fd2bf5ccd4c92f1fbe786f", size = 2068352, upload-time = "2026-08-28T09:59:29.044Z" },
    { url = "https://files.pythonhosted.org/packages/08/7c/570abb1ad2155348dc754ea91be22e5aaa18eb6d69a6068f7c6f2679a6ed/pydantic_core-2.46.5-cp314-cp314-manylinux_2_31_riscv64.whl", hash = "sha256:a2a5e1d0ff29adddc9f6d6821a66302e4493f8ca898b715b6b1182c2c201ea0a", size = 2104777, upload-time = "2026-08-28T09:59:30.95Z" },
    { url = "https://files.pythonhosted.org/packages/8e/25/5bf74adc65a1ac5b7be3f6cb0bcb5433615c1598a801c19d830d84c98ded/pydantic_core-2.46.5-cp314-cp314-manylinux_2_5_i686.manylinux1_i686.whl", hash = "sha256:03b9666e41e35d8909852ba191a0607520f81b74eaf12ccf8737005dbb313821", size = 2156312, upload-time = "2026-08-28T09:59:32.604Z" },
    { url = "https://files.pythonhosted.org/packages/90/6a/2ef38830675e050121040618135564ed56b860b45433b02d9b4ebece46f3/pydantic_core-2.46.5-cp314-cp314-musllinux_1_1_aarch64.whl", hash = "sha256:a91c17edf6eea2402cb5457b4c89e99bc5ed1004aa34c4adf1d4258c1a5c22c2", size = 2150067, upload-time = "2026-08-28T09:59:34.453Z" },
    { url = "https://files.pythonhosted.org/packages/90/ef/a7dbb03a14a64c2a4621f989c615ed9a892535a6cad938fc27079f919d80/pydantic_core-2.46.5-cp314-cp314-musllinux_1_1_armv7l.whl", hash = "sha256:b49924c73a235e969511bf2aabdff3beebf9820931f646c80274d5d780010c47", size = 2304516, upload-time = "2026-08-28T09:59:36.194Z" },
    { url = "https://files.pythonhosted.org/packages/68/f8/6bb4c4b80e8a6fde1904c64a51c62a1d04fcdfa3ea521a66b2ddefa1d885/pydantic_core-2.46.5-cp314-cp314-musllinux_1_1_x86_64.whl", hash = "sha256:2cbd9a5eff05e51c447c34dfa4632145b26b09120cf04bd0c871e44c1a5e1c9a", size = 2335223, upload-time = "2026-08-28T09:59:37.931Z" },
    { url = "https://files.pythonhosted.org/packages/2a/80/f46b8c681195190b2c1f1c7c0a81abce60663e987613e09ef64d433dd96b/pydantic_core-2.46.5-cp314-cp314-win32.whl", hash = "sha256:2d5d76654becf5efd62c9e51c3756c67b49498b0c9a40884934c40807adbd074", size = 1934827, upload-time = "2026-08-28T09:59:39.836Z" },
    { url = "https://files.pythonhosted.org/packages/f7/3c/60674207246bc0a4009d2391b7c7251c7159f279c8d2ab8aae8ef46f3dee/pydantic_core-2.46.5-cp314-cp314-win_amd64.whl", hash = "sha256:fa10ef4112775900e7a0661068635eb67b2ab824fbde764de6e0e21982a93db0", size = 2042648, upload-time = "2026-08-28T09:59:41.792Z" },
    { url = "https://files.pythonhosted.org/packages/69/0c/117c562c7c1babdf44576b72a5e496906506c93690387ecfbca7c729ae2e/pydantic_core-2.46.5-cp314-cp314-win_arm64.whl", hash = "sha256:045ab3b6d308439e32b81cc173bba5b9018bc6ed896afd0c65b3b009b1699af5", size = 1989652, upload-time = "2026-08-28T09:59:43.702Z" },
    { url = "https://files.pythonhosted.org/packages/e8/66/9336ae58f9eb68c41d121894e52c4c89eccb07eb8f602a04ee9c3f37736a/pydantic_core-2.46.5-cp314-cp314t-macosx_10_12_x86_64.whl", hash = "sha256:8816f3d218beb4b787de5c9759c259b8fa61f9dec42dc7811f320a33771778b7", size = 2065829, upload-time = "2026-08-28T09:59:45.364Z" },
    { url = "https://files.pythonhosted.org/packages/c5/02/bc19b47a96c2d3109760711acf22369e56bd7e405ca52f7ade164d2ead57/pydantic_core-2.46.5-cp314-cp314t-macosx_11_0_arm64.whl", hash = "sha256:bce57638e08ac148e5778cce7feb968307a727d66f8e2274a543d0cf0c9ad6a3", size = 1905716, upload-time = "2026-08-28T09:59:47.18Z" },
    { url = "https://files.pythonhosted.org/packages/52/a4/70b47c0509923dd98ccfed04fb3e32ea3849c82a0ff2205bb41009b43c00/pydantic_core-2.46.5-cp314-cp314t-manylinux_2_17_aarch64.manylinux2014_aarch64.whl", hash = "sha256:976e1128455aa595ea04c79ccfedff1aaeab96ee013fcc916bed120c4f0ad94f", size = 1934216, upload-time = "2026-08-28T09:59:49.241Z" },
    { url = "https://files.pythonhosted.org/packages/52/ab/aa03b65f7bb198585edf806b906c3223ecf1795543e39e23aec4cce27ad2/pydantic_core-2.46.5-cp314-cp314t-manylinux_2_17_armv7l.manylinux2014_armv7l.whl", hash = "sha256:e7b891faeedeafba41b2983e5001a81b6a915b69544c7e7570d1989ce1c36ac7", size = 2010635, upload-time = "2026-08-28T09:59:51.692Z" },
    { url = "https://files.pythonhosted.org/packages/3c/8b/0da06343f30b84ec549aafd309c6456223d5dc8bd36af504c573faad561d/pydantic_core-2.46.5-cp314-cp314t-manylinux_2_17_ppc64le.manylinux2014_ppc64le.whl", hash = "sha256:5f194189415698233dd1114a093a9b56e61e2c57e11b469be3b0506f46f0771c", size = 2209369, upload-time = "2026-08-28T09:59:53.582Z" },
    { url = "https://files.pythonhosted.org/packages/d6/5b/844c4defaa34a3df66eb9257087d121d70c201298b96abdf9f492fc2f1bf/pydantic_core-2.46.5-cp314-cp314t-manylinux_2_17_s390x.manylinux2014_s390x.whl", hash = "sha256:82a36973cf8a2ef5406f4fe2edbf8ed0c99629535d959e0b100c76a32535a111", size = 2253238, upload-time = "2026-08-28T09:59:55.484Z" },
    { url = "https://files.pythonhosted.org/packages/f4/64/a4e536cb16d7f61a7fd3120b46c577fc7fa7325992f69c4f52bc786d77d8/pydantic_core-2.46.5-cp314-cp314t-manylinux_2_17_x86_64.manylinux2014_x86_64.whl", hash = "sha256:cdbb78909f52b981d3b2d56b97328d71eb0b974c36bd77c920123a7ebb192829", size = 2065740, upload-time = "2026-08-28T09:59:58.038Z" },
    { url = "https://files.pythonhosted.org/packages/5f/75/aaa38c6bc2d085f6605b34eabdc6a8a4e0b2e61fc9c8e6e52b28e97b3125/pydantic_core-2.46.5-cp314-cp314t-manylinux_2_31_riscv64.whl", hash = "sha256:52e24eacdb536cade636aa90fb851835222becff8484b7001fdc78cb0290f2aa", size = 2087425, upload-time = "2026-08-28T09:59:59.898Z" },
    { url = "https://files.pythonhosted.org/packages/55/ae/fcab4cfc39aba3689e1d20c8b5250ad280957022c09af2ed9cd585602a5e/pydantic_core-2.46.5-cp314-cp314t-manylinux_2_5_i686.manylinux1_i686.whl", hash = "sha256:37ae34309d7bd8c0d61ab839668058f2a7962ea1fc51d105d2db228fe0618034", size = 2139306, upload-time = "2026-08-28T10:00:03.057Z" },
    { url = "https://files.pythonhosted.org/packages/2d/f4/f1d03a4bc9d9acbc62f4d742b8a319af52f71885079868b2ff8e48a651ee/pydantic_core-2.46.5-cp314-cp314t-musllinux_1_1_aarch64.whl", hash = "sha256:0cdbada856a1c69a7624a64d3d9aefe79300bd6ef827b43a4f265010b9b55184", size = 2144589, upload-time = "2026-08-28T10:00:05.645Z" },
    { url = "https://files.pythonhosted.org/packages/83/f3/7a53bb1356de514a4cd295f25b6ac39237895620c0462d2592b76c16e114/pydantic_core-2.46.5-cp314-cp314t-musllinux_1_1_armv7l.whl", hash = "sha256:545f26c504b27c3758439a5e6d9349931f0a04f855668d5fe323c89e82300a38", size = 2288882, upload-time = "2026-08-28T10:00:07.931Z" },
    { url = "https://files.pythonhosted.org/packages/cd/94/5a81583660c175c59d49ffb09f4b3a44debeaf86a19fca664ae1cdd9ee32/pydantic_core-2.46.5-cp314-cp314t-musllinux_1_1_x86_64.whl", hash = "sha256:ff218293c9c806138dca139765e3b067621be52bcd93cdc14c7711be7ddc90a9", size = 2335210, upload-time = "2026-08-28T10:00:10.177Z" },
    { url = "https://files.pythonhosted.org/packages/5a/9f/5d685c2693b972d1a59c998586e8823712b66603aeff47ee60a4bdaafd37/pydantic_core-2.46.5-cp314-cp314t-win32.whl", hash = "sha256:97cf3eb53a8cccacf9d46686a0926186c9bfb5574f2ed66d3639d5fe117cd3a9", size = 1921180, upload-time = "2026-08-28T10:00:12.35Z" },
    { url = "https://files.pythonhosted.org/packages/70/12/5c94ee16d65a37a15f9e869f5e6256df111154491173801a4c5e800ab548/pydantic_core-2.46.5-cp314-cp314t-win_amd64.whl", hash = "sha256:d2f9fc07a8042a8f95925b35c4f04f469707c981fc33245b6ca187cf5d2dd290", size = 2020515, upload-time = "2026-08-28T10:00:14.774Z" },
    { url = "https://files.pythonhosted.org/packages/63/19/67830dda664e6bdf9285ee2e40f355d0d7d6b92aa0c42e8d217bb8d33d36/pydantic_core-2.46.5-cp314-cp314t-win_arm64.whl", hash = "sha256:acf8a67ba51f4ca9ddbd0e6b3000a65ac51ab734661778b3e7ba64d99a710f2f", size = 1989276, upload-time = "2026-08-28T10:00:16.984Z" },
]

[[package]]
name = "pydantic-settings"
version = "2.15.0"
source = { registry = "https://pypi.org/simple" }
dependencies = [
    { name = "pydantic" },
    { name = "python-dotenv" },
    { name = "typing-inspection" },
]
sdist = { url = "https://files.pythonhosted.org/packages/68/ca/31c57507b13119d7d3cfa1576dad2911a4861e3be07b579395f4e9d393f9/pydantic_settings-2.15.0.tar.gz", hash = "sha256:694b793e84f766ba76a90ebdefc01d0a9a045dab0382bee70393da93712ad117", size = 261253, upload-time = "2026-08-07T09:24:57.419Z" }
wheels = [
    { url = "https://files.pythonhosted.org/packages/30/a4/2bffa9f8e804325a09867f0e9d30795c80ea9f8d62560bd1b6ad6220eb2f/pydantic_settings-2.15.0-py3-none-any.whl", hash = "sha256:0ba092c291c94baceb5eff768aa0d56400a457585bc0175925a5a5510303da42", size = 69413, upload-time = "2026-08-07T09:24:55.839Z" },
]

[[package]]
name = "pygments"
version = "2.21.0"
source = { registry = "https://pypi.org/simple" }
sdist = { url = "https://files.pythonhosted.org/packages/49/2e/ced460408999b33da6b31b0021b0f37d329e202d4169aeb164493778f25b/pygments-2.21.0.tar.gz", hash = "sha256:610ca751c9bc2492b38eb9a38a7fbc93edbbb2d7182edaf34e66ae493dee5c8c", size = 5005329, upload-time = "2026-08-17T08:02:48.824Z" }
wheels = [
    { url = "https://files.pythonhosted.org/packages/71/46/17f022dd3e953bf20a04a028a21ec746d942f8d2af30fa0f124fa0e6a684/pygments-2.21.0-py3-none-any.whl", hash = "sha256:2363c69b61c4a97c838da3b130dcd6468f4848992b21a82f2a63ec34377137d9", size = 1250147, upload-time = "2026-08-17T08:02:44.912Z" },
]

[[package]]
name = "pytest"
version = "9.1.1"
source = { registry = "https://pypi.org/simple" }
dependencies = [
    { name = "colorama", marker = "sys_platform == 'win32'" },
    { name = "iniconfig" },
    { name = "packaging" },
    { name = "pluggy" },
    { name = "pygments" },
]
sdist = { url = "https://files.pythonhosted.org/packages/e4/47/b9efed96c114afcfa3c9d3fe98a76a1d14c74a9e266d397cf6eb64be5e01/pytest-9.1.1.tar.gz", hash = "sha256:1088fbde8f2b49d95a549a195707afa7a76a3ce9bcadc26b6d71f0ffda5fe313", size = 1636369, upload-time = "2026-06-19T10:58:32.857Z" }
wheels = [
    { url = "https://files.pythonhosted.org/packages/24/25/1de2678b631f5a49215c6c96fff41ba892b0a34df68d6d80292b1b48aa7f/pytest-9.1.1-py3-none-any.whl", hash = "sha256:37a86b45efb9a47a61a36449063e8e18d0cab3161329fc099eb21783169c4f0c", size = 386536, upload-time = "2026-06-19T10:58:31.347Z" },
]

[[package]]
name = "python-dotenv"
version = "1.2.3"
source = { registry = "https://pypi.org/simple" }
sdist = { url = "https://files.pythonhosted.org/packages/6a/53/ed9d74092561d4b01a2ef1349d52cdbc135e526c245f366b089cfca6de49/python_dotenv-1.2.3.tar.gz", hash = "sha256:a20a594dabeaa385725aa239d5244871c143ecb356add8a20fcf23773a6c3a35", size = 58945, upload-time = "2026-08-16T16:54:54.067Z" }
wheels = [
    { url = "https://files.pythonhosted.org/packages/0d/17/c5c6b53ddc18f297992099b3d9ec16c855c0ccc83263a21fe4d1c625ec6c/python_dotenv-1.2.3-py3-none-any.whl", hash = "sha256:904552145e8bfed22162c09dab1c2b9b54fefa7b23ba780f4f26ca0316b0f0d9", size = 22780, upload-time = "2026-08-16T16:54:52.473Z" },
]

[[package]]
name = "pyyaml"
version = "6.0.3"
source = { registry = "https://pypi.org/simple" }
sdist = { url = "https://files.pythonhosted.org/packages/05/8e/961c0007c59b8dd7729d542c61a4d537767a59645b82a0b521206e1e25c2/pyyaml-6.0.3.tar.gz", hash = "sha256:d76623373421df22fb4cf8817020cbb7ef15c725b9d5e45f17e189bfc384190f", size = 130960, upload-time = "2025-09-25T21:33:16.546Z" }
wheels = [
    { url = "https://files.pythonhosted.org/packages/9d/8c/f4bd7f6465179953d3ac9bc44ac1a8a3e6122cf8ada906b4f96c60172d43/pyyaml-6.0.3-cp314-cp314-macosx_10_13_x86_64.whl", hash = "sha256:8d1fab6bb153a416f9aeb4b8763bc0f22a5586065f86f7664fc23339fc1c1fac", size = 181814, upload-time = "2025-09-25T21:32:35.712Z" },
    { url = "https://files.pythonhosted.org/packages/bd/9c/4d95bb87eb2063d20db7b60faa3840c1b18025517ae857371c4dd55a6b3a/pyyaml-6.0.3-cp314-cp314-macosx_11_0_arm64.whl", hash = "sha256:34d5fcd24b8445fadc33f9cf348c1047101756fd760b4dacb5c3e99755703310", size = 173809, upload-time = "2025-09-25T21:32:36.789Z" },
    { url = "https://files.pythonhosted.org/packages/92/b5/47e807c2623074914e29dabd16cbbdd4bf5e9b2db9f8090fa64411fc5382/pyyaml-6.0.3-cp314-cp314-manylinux2014_aarch64.manylinux_2_17_aarch64.manylinux_2_28_aarch64.whl", hash = "sha256:501a031947e3a9025ed4405a168e6ef5ae3126c59f90ce0cd6f2bfc477be31b7", size = 766454, upload-time = "2025-09-25T21:32:37.966Z" },
    { url = "https://files.pythonhosted.org/packages/02/9e/e5e9b168be58564121efb3de6859c452fccde0ab093d8438905899a3a483/pyyaml-6.0.3-cp314-cp314-manylinux2014_s390x.manylinux_2_17_s390x.manylinux_2_28_s390x.whl", hash = "sha256:b3bc83488de33889877a0f2543ade9f70c67d66d9ebb4ac959502e12de895788", size = 836355, upload-time = "2025-09-25T21:32:39.178Z" },
    { url = "https://files.pythonhosted.org/packages/88/f9/16491d7ed2a919954993e48aa941b200f38040928474c9e85ea9e64222c3/pyyaml-6.0.3-cp314-cp314-manylinux2014_x86_64.manylinux_2_17_x86_64.manylinux_2_28_x86_64.whl", hash = "sha256:c458b6d084f9b935061bc36216e8a69a7e293a2f1e68bf956dcd9e6cbcd143f5", size = 794175, upload-time = "2025-09-25T21:32:40.865Z" },
    { url = "https://files.pythonhosted.org/packages/dd/3f/5989debef34dc6397317802b527dbbafb2b4760878a53d4166579111411e/pyyaml-6.0.3-cp314-cp314-musllinux_1_2_aarch64.whl", hash = "sha256:7c6610def4f163542a622a73fb39f534f8c101d690126992300bf3207eab9764", size = 755228, upload-time = "2025-09-25T21:32:42.084Z" },
    { url = "https://files.pythonhosted.org/packages/d7/ce/af88a49043cd2e265be63d083fc75b27b6ed062f5f9fd6cdc223ad62f03e/pyyaml-6.0.3-cp314-cp314-musllinux_1_2_x86_64.whl", hash = "sha256:5190d403f121660ce8d1d2c1bb2ef1bd05b5f68533fc5c2ea899bd15f4399b35", size = 789194, upload-time = "2025-09-25T21:32:43.362Z" },
    { url = "https://files.pythonhosted.org/packages/23/20/bb6982b26a40bb43951265ba29d4c246ef0ff59c9fdcdf0ed04e0687de4d/pyyaml-6.0.3-cp314-cp314-win_amd64.whl", hash = "sha256:4a2e8cebe2ff6ab7d1050ecd59c25d4c8bd7e6f400f5f82b96557ac0abafd0ac", size = 156429, upload-time = "2025-09-25T21:32:57.844Z" },
    { url = "https://files.pythonhosted.org/packages/f4/f4/a4541072bb9422c8a883ab55255f918fa378ecf083f5b85e87fc2b4eda1b/pyyaml-6.0.3-cp314-cp314-win_arm64.whl", hash = "sha256:93dda82c9c22deb0a405ea4dc5f2d0cda384168e466364dec6255b293923b2f3", size = 143912, upload-time = "2025-09-25T21:32:59.247Z" },
    { url = "https://files.pythonhosted.org/packages/7c/f9/07dd09ae774e4616edf6cda684ee78f97777bdd15847253637a6f052a62f/pyyaml-6.0.3-cp314-cp314t-macosx_10_13_x86_64.whl", hash = "sha256:02893d100e99e03eda1c8fd5c441d8c60103fd175728e23e431db1b589cf5ab3", size = 189108, upload-time = "2025-09-25T21:32:44.377Z" },
    { url = "https://files.pythonhosted.org/packages/4e/78/8d08c9fb7ce09ad8c38ad533c1191cf27f7ae1effe5bb9400a46d9437fcf/pyyaml-6.0.3-cp314-cp314t-macosx_11_0_arm64.whl", hash = "sha256:c1ff362665ae507275af2853520967820d9124984e0f7466736aea23d8611fba", size = 183641, upload-time = "2025-09-25T21:32:45.407Z" },
    { url = "https://files.pythonhosted.org/packages/7b/5b/3babb19104a46945cf816d047db2788bcaf8c94527a805610b0289a01c6b/pyyaml-6.0.3-cp314-cp314t-manylinux2014_aarch64.manylinux_2_17_aarch64.manylinux_2_28_aarch64.whl", hash = "sha256:6adc77889b628398debc7b65c073bcb99c4a0237b248cacaf3fe8a557563ef6c", size = 831901, upload-time = "2025-09-25T21:32:48.83Z" },
    { url = "https://files.pythonhosted.org/packages/8b/cc/dff0684d8dc44da4d22a13f35f073d558c268780ce3c6ba1b87055bb0b87/pyyaml-6.0.3-cp314-cp314t-manylinux2014_s390x.manylinux_2_17_s390x.manylinux_2_28_s390x.whl", hash = "sha256:a80cb027f6b349846a3bf6d73b5e95e782175e52f22108cfa17876aaeff93702", size = 861132, upload-time = "2025-09-25T21:32:50.149Z" },
    { url = "https://files.pythonhosted.org/packages/b1/5e/f77dc6b9036943e285ba76b49e118d9ea929885becb0a29ba8a7c75e29fe/pyyaml-6.0.3-cp314-cp314t-manylinux2014_x86_64.manylinux_2_17_x86_64.manylinux_2_28_x86_64.whl", hash = "sha256:00c4bdeba853cc34e7dd471f16b4114f4162dc03e6b7afcc2128711f0eca823c", size = 839261, upload-time = "2025-09-25T21:32:51.808Z" },
    { url = "https://files.pythonhosted.org/packages/ce/88/a9db1376aa2a228197c58b37302f284b5617f56a5d959fd1763fb1675ce6/pyyaml-6.0.3-cp314-cp314t-musllinux_1_2_aarch64.whl", hash = "sha256:66e1674c3ef6f541c35191caae2d429b967b99e02040f5ba928632d9a7f0f065", size = 805272, upload-time = "2025-09-25T21:32:52.941Z" },
    { url = "https://files.pythonhosted.org/packages/da/92/1446574745d74df0c92e6aa4a7b0b3130706a4142b2d1a5869f2eaa423c6/pyyaml-6.0.3-cp314-cp314t-musllinux_1_2_x86_64.whl", hash = "sha256:16249ee61e95f858e83976573de0f5b2893b3677ba71c9dd36b9cf8be9ac6d65", size = 829923, upload-time = "2025-09-25T21:32:54.537Z" },
    { url = "https://files.pythonhosted.org/packages/f0/7a/1c7270340330e575b92f397352af856a8c06f230aa3e76f86b39d01b416a/pyyaml-6.0.3-cp314-cp314t-win_amd64.whl", hash = "sha256:4ad1906908f2f5ae4e5a8ddfce73c320c2a1429ec52eafd27138b7f1cbe341c9", size = 174062, upload-time = "2025-09-25T21:32:55.767Z" },
    { url = "https://files.pythonhosted.org/packages/f1/12/de94a39c2ef588c7e6455cfbe7343d3b2dc9d6b6b2f40c4c6565744c873d/pyyaml-6.0.3-cp314-cp314t-win_arm64.whl", hash = "sha256:ebc55a14a21cb14062aa4162f906cd962b28e2e9ea38f9b4391244cd8de4ae0b", size = 149341, upload-time = "2025-09-25T21:32:56.828Z" },
]

[[package]]
name = "ruff"
version = "0.16.5"
source = { registry = "https://pypi.org/simple" }
sdist = { url = "https://files.pythonhosted.org/packages/f3/85/c8e12473c93018f92d19dd988a294202e1c27426c47ec4de53ffb847b8d8/ruff-0.16.5.tar.gz", hash = "sha256:1b88500f9ffbcab3dedb0082c9f9492e91ec3d618aac1236a3e0189938f7040b", size = 4912003, upload-time = "2026-08-27T16:34:18.258Z" }
wheels = [
    { url = "https://files.pythonhosted.org/packages/c6/b6/77c90a970fe2dae17a723acbd011043ea97c98d7deacccefdc4ba74ec512/ruff-0.16.5-py3-none-linux_armv6l.whl", hash = "sha256:12e5f673e774c35fbb62f288809c7653b73445f8ecec6b6063fd6ea3521aa14b", size = 10011941, upload-time = "2026-08-27T16:33:41.287Z" },
    { url = "https://files.pythonhosted.org/packages/4b/46/6cf67cf6411885a1d6f7f6d801682f155536a85176d10b605e2ceffed8bd/ruff-0.16.5-py3-none-macosx_10_12_x86_64.whl", hash = "sha256:eda58a5802de40e7ed5b32b64e0b32539338cc6fcd2c78f61e3ad6a0d79f51c3", size = 10204049, upload-time = "2026-08-27T16:33:44.056Z" },
    { url = "https://files.pythonhosted.org/packages/46/fd/c8720ca7a090abf0c2fef4abe8a5ef6e5127ed15196d8886ff75a2b370e2/ruff-0.16.5-py3-none-macosx_11_0_arm64.whl", hash = "sha256:c5ae9a7b9a8875131f40f8fe967cc86abf899779efd663cb7ce3d572d01da7eb", size = 9809037, upload-time = "2026-08-27T16:33:46.257Z" },
    { url = "https://files.pythonhosted.org/packages/43/45/a684caacdedaca180f52bacccc40bf0789d2c5a7c75f25324853e9eaedb5/ruff-0.16.5-py3-none-manylinux_2_17_aarch64.manylinux2014_aarch64.whl", hash = "sha256:7b719b0a1f4d59710d283ab2965f621684a108a9e41da622e3b23f0326cd0025", size = 9964129, upload-time = "2026-08-27T16:33:48.352Z" },
    { url = "https://files.pythonhosted.org/packages/9e/f2/5d2bcdaca6b5b93d1b4dfc166cd2aebf7680143a1b38a28759df13a94d31/ruff-0.16.5-py3-none-manylinux_2_17_armv7l.manylinux2014_armv7l.whl", hash = "sha256:2298f2780ed1be0c5cb1361e32ab7b1467f3cce7dabe101d2210a314f2fe42e9", size = 9821518, upload-time = "2026-08-27T16:33:50.57Z" },
    { url = "https://files.pythonhosted.org/packages/aa/ff/011cce29accf9257d5974145b733fc653a37985ed6825413a3987cefbfe0/ruff-0.16.5-py3-none-manylinux_2_17_i686.manylinux2014_i686.whl", hash = "sha256:258f29035a2dd021e7861e631b227a5b3f14e50c1184c9a6a122c5f4576154d7", size = 10534835, upload-time = "2026-08-27T16:33:52.522Z" },
    { url = "https://files.pythonhosted.org/packages/d7/5a/f0cf109bada9bba0e96c90c21c9f9251803f57225c32d293327a03c710d6/ruff-0.16.5-py3-none-manylinux_2_17_ppc64le.manylinux2014_ppc64le.whl", hash = "sha256:b9a4f0432966834019c74d1b7e5c51224305d7713f3d7faf3e7451f1a3be3cde", size = 11252550, upload-time = "2026-08-27T16:33:54.521Z" },
    { url = "https://files.pythonhosted.org/packages/63/4d/1d481aaea2046c6a7ed7c291f9004c669cce3c087b6b376ed5b08271e3fe/ruff-0.16.5-py3-none-manylinux_2_17_s390x.manylinux2014_s390x.whl", hash = "sha256:b5eb3a8c3d0ade9cea42b591fd530368e8798380e30e0a308b85a5cf718f09ea", size = 10777949, upload-time = "2026-08-27T16:33:56.88Z" },
    { url = "https://files.pythonhosted.org/packages/ee/34/ee245ca55f64443233034b3d02b03236b19242004281247c079390b7facd/ruff-0.16.5-py3-none-manylinux_2_17_x86_64.manylinux2014_x86_64.whl", hash = "sha256:ef0f69e191a13a3c9816f63163c88790cb12cd157bbbb384e9c44745702ab105", size = 10311656, upload-time = "2026-08-27T16:33:59.12Z" },
    { url = "https://files.pythonhosted.org/packages/a7/4d/c33a333e341c0a2b96c715b52d89a606f5a34cd4ac493cd9b8d0187186b8/ruff-0.16.5-py3-none-manylinux_2_31_riscv64.whl", hash = "sha256:0eeab41fbea2c42f98dfb9822cdccda9d24ba38d49f6dc945b5c236d48f0ef29", size = 10532125, upload-time = "2026-08-27T16:34:01.166Z" },
    { url = "https://files.pythonhosted.org/packages/30/e1/a64cef78b40192497bb98a27a8aa8f2c98ee9ee15bc97f7712d94ef32937/ruff-0.16.5-py3-none-musllinux_1_2_aarch64.whl", hash = "sha256:f0768e9df4300713fff30733c87575f68b6f1d8de41184e505b7fdd9c0c95eaf", size = 10097648, upload-time = "2026-08-27T16:34:03.16Z" },
    { url = "https://files.pythonhosted.org/packages/cc/4e/4cdc9ed3c3e109d2f71e62572a37457298d7bc7501ec3138babb7ed32bbd/ruff-0.16.5-py3-none-musllinux_1_2_armv7l.whl", hash = "sha256:95cc70cdc7aa80c338de356279d2adbeb2de0f520b9ecd8aba75b94e95e02f91", size = 9829344, upload-time = "2026-08-27T16:34:05.134Z" },
    { url = "https://files.pythonhosted.org/packages/39/4a/31ed35ce31729955fc583ee0d176d6e784c1290cb0b0a75cb2134c1ab72a/ruff-0.16.5-py3-none-musllinux_1_2_i686.whl", hash = "sha256:d185c8398ded1bfd91c0c2cb258346307571eccc473a8490af8c3977399c384a", size = 10277117, upload-time = "2026-08-27T16:34:07.425Z" },
    { url = "https://files.pythonhosted.org/packages/a8/a0/60356d86687b4b666d593df213f4dc3041750d024cb7bf2cfa81cfd65c2e/ruff-0.16.5-py3-none-musllinux_1_2_x86_64.whl", hash = "sha256:fb8e3a3c4c6a784150a7ced53b015f4b253fc2bf97a610886419ead64b4756ef", size = 10711653, upload-time = "2026-08-27T16:34:09.712Z" },
    { url = "https://files.pythonhosted.org/packages/ed/20/656d67f5b25ca9bda4e02b1de25867b2954e1d19e03648060f167ad0f4cc/ruff-0.16.5-py3-none-win32.whl", hash = "sha256:288b0a5f080492fe5635db849f9e2e84aa3cce7b7f0e955997d416c507c76a26", size = 10034250, upload-time = "2026-08-27T16:34:11.8Z" },
    { url = "https://files.pythonhosted.org/packages/5b/42/ee8e68a207b9127fcde6c3d7e197def432f346cb1af159e1fa14ca0d1cdc/ruff-0.16.5-py3-none-win_amd64.whl", hash = "sha256:ddc6385fb2137f616357ca03d6c74f4be987f80fed4008566b754f6032b8546f", size = 10516714, upload-time = "2026-08-27T16:34:13.963Z" },
    { url = "https://files.pythonhosted.org/packages/73/e3/7df5a396e445b9ba49ce9a9437439a4d80042c61c0ade199abf8d16de1ac/ruff-0.16.5-py3-none-win_arm64.whl", hash = "sha256:a64abe90968719b851bb7cedffaa8753fbdbdadab483089682db623f3edc587e", size = 10391564, upload-time = "2026-08-27T16:34:16.064Z" },
]

[[package]]
name = "ty"
version = "0.0.77"
source = { registry = "https://pypi.org/simple" }
sdist = { url = "https://files.pythonhosted.org/packages/bb/ef/a2024d1d33d5ba8436677a6fd734f87a137150aba99906fc009f7c5de956/ty-0.0.77.tar.gz", hash = "sha256:8898f3097610f4a772ead6bfad7b204c7d76e8eb3a010c7285b9186278e0fb82", size = 7005734, upload-time = "2026-09-01T00:26:26.901Z" }
wheels = [
    { url = "https://files.pythonhosted.org/packages/48/03/930f7454a6d797abc09aebbf537017825ebb08d9f8c2e2d905e74341dbb1/ty-0.0.77-py3-none-linux_armv6l.whl", hash = "sha256:ea76012f1ed387b6fc6500894fb8a7654b724c38713e263a23f12756f00e2469", size = 13241626, upload-time = "2026-09-01T00:25:51.02Z" },
    { url = "https://files.pythonhosted.org/packages/65/41/7e064045775718673851f6c0e1cfde70d6e380b0db9d91d4484a362f2d67/ty-0.0.77-py3-none-macosx_10_12_x86_64.whl", hash = "sha256:237a58c389e01d65c4693e0394feb0f0adea3fba0345c3b932d209084372f3d3", size = 12830037, upload-time = "2026-09-01T00:25:53.172Z" },
    { url = "https://files.pythonhosted.org/packages/5b/64/66f0b0dc89bd239922bdf12fa3e6d066aa7a425e8b70414368c4eb44a6e6/ty-0.0.77-py3-none-macosx_11_0_arm64.whl", hash = "sha256:bbb8ae7a753b9a6af25725c314d0eca967e5fde5eebb7a35b04b0d763dfb9d7c", size = 12612071, upload-time = "2026-09-01T00:25:55.116Z" },
    { url = "https://files.pythonhosted.org/packages/fd/5c/bef8b1f471931a9395792be023613b6cee0ef1449815bf97b18be07f883c/ty-0.0.77-py3-none-manylinux_2_17_aarch64.manylinux2014_aarch64.whl", hash = "sha256:603620c063b718ddbe302f83fb0d7c01a13f1941c3b9763512a89c9bbfabba96", size = 12641403, upload-time = "2026-09-01T00:25:57.305Z" },
    { url = "https://files.pythonhosted.org/packages/43/66/e4d32a0145162f79bc3dd6fca4770f88966c3b5206121ffeecd5f7b05e8b/ty-0.0.77-py3-none-manylinux_2_17_armv7l.manylinux2014_armv7l.whl", hash = "sha256:03f128cb8b204e22a18f4b01ef0194aa445f4edb080cb7d77621cb2ab353885c", size = 13013526, upload-time = "2026-09-01T00:25:59.278Z" },
    { url = "https://files.pythonhosted.org/packages/aa/be/33493ee43d4db7d402ceaee55c5d6c22e2b1105f10b1ac5928c220f79650/ty-0.0.77-py3-none-manylinux_2_17_i686.manylinux2014_i686.whl", hash = "sha256:97d1600ef69fc8e3b2310de1915cd34ba3b712fdc730cb02b713520956baec0a", size = 13828076, upload-time = "2026-09-01T00:26:01.343Z" },
    { url = "https://files.pythonhosted.org/packages/cf/d5/b6335fdc8c09aaaaf6541322076c5a7205fa16c29dbeddc1f24dd89b3894/ty-0.0.77-py3-none-manylinux_2_17_ppc64le.manylinux2014_ppc64le.whl", hash = "sha256:dced0924a83b6d945fd48a29aa85e131fb98dc574f4c9a0e7c43d03eff373402", size = 14247770, upload-time = "2026-09-01T00:26:03.388Z" },
    { url = "https://files.pythonhosted.org/packages/11/64/bbe96c1da26585919ac10f33df1d337d9b498013fc60c5178e76955c2a53/ty-0.0.77-py3-none-manylinux_2_17_s390x.manylinux2014_s390x.whl", hash = "sha256:b14b002233a954115a04932b3a93d75a387569848276cf7bb0b5dc6b040001c4", size = 13926528, upload-time = "2026-09-01T00:26:05.587Z" },
    { url = "https://files.pythonhosted.org/packages/4f/e2/cdc94e9a1b69e9b7dd0ec3ad3ca75741245b8b5b2e3ffe9b365ca31d8052/ty-0.0.77-py3-none-manylinux_2_17_x86_64.manylinux2014_x86_64.whl", hash = "sha256:581adf1ae1e48e00e89ec162913d559ddf75a7805646a13ffd68943c1b5e8daa", size = 13290834, upload-time = "2026-09-01T00:26:07.912Z" },
    { url = "https://files.pythonhosted.org/packages/92/8c/4929dd8e924ddbd6284dcb3cfbda488bd6cb091e5384f8b7fb5dd3de9122/ty-0.0.77-py3-none-manylinux_2_31_riscv64.whl", hash = "sha256:9bda523b40e06c643feb6d5d5bcbacc56a2bd9eed3d7cae1119452502bcd69b0", size = 13829048, upload-time = "2026-09-01T00:26:10.093Z" },
    { url = "https://files.pythonhosted.org/packages/9b/f4/441a74ddc5e2db2690264c1ee0e478d46b8e42bd529472fdb1656b63bff2/ty-0.0.77-py3-none-musllinux_1_2_aarch64.whl", hash = "sha256:4b8b04d8c3af8148e963e950094bd53c8cc4d3a11f5f8764ff8d39627bd6e64a", size = 12803755, upload-time = "2026-09-01T00:26:12.055Z" },
    { url = "https://files.pythonhosted.org/packages/85/39/875bb7092ee1edb090b62eca74b7311f6416dc3aa7da442b4a1f95408251/ty-0.0.77-py3-none-musllinux_1_2_armv7l.whl", hash = "sha256:33a9ff9be488edf4d6fac46c456198cc848d9641f418f1a83aa123825e93c6ec", size = 13028244, upload-time = "2026-09-01T00:26:14.212Z" },
    { url = "https://files.pythonhosted.org/packages/e3/76/4b0a48f118dca6a32e1609f2d0bea2c3f7be9051af645fe5044ca35cbbb4/ty-0.0.77-py3-none-musllinux_1_2_i686.whl", hash = "sha256:61ad5467206e5ea6531c8aebebf1276c6150989a94a1d5974a84d9e0eeed5c38", size = 13321068, upload-time = "2026-09-01T00:26:16.418Z" },
    { url = "https://files.pythonhosted.org/packages/8d/46/cd21bc6441df4b221d9e131551bab2a5f9c0b724e60e1c960622ee175128/ty-0.0.77-py3-none-musllinux_1_2_x86_64.whl", hash = "sha256:1293b94f26d1f330424e3b97c20b434f7e2ac1938287b8588466c75ece6c0b10", size = 13609112, upload-time = "2026-09-01T00:26:18.424Z" },
    { url = "https://files.pythonhosted.org/packages/21/7b/0da4537a7eca4eb3ca72a2cb4539cfbb6fb3138d1dc4ae7a66299b941fb3/ty-0.0.77-py3-none-win32.whl", hash = "sha256:cb71152bdf56860375c790682cc3efc120aaf8e36f1cd6367773312905e82b50", size = 12573821, upload-time = "2026-09-01T00:26:20.404Z" },
    { url = "https://files.pythonhosted.org/packages/96/91/aec75b11bfaa5a358f5a505afa6307fc4bee1c5f4c6444e18fa82c25f3be/ty-0.0.77-py3-none-win_amd64.whl", hash = "sha256:86f01d4af8b006c9442a2de0ab949cc24462f8f9431bebc0b73f6166fbbca19f", size = 13154851, upload-time = "2026-09-01T00:26:22.389Z" },
    { url = "https://files.pythonhosted.org/packages/bf/e5/77772f95ff81bf7c817595cd08b52d007acab90dac0f2339faa486e6a525/ty-0.0.77-py3-none-win_arm64.whl", hash = "sha256:942a3bb2a4786c80bd8ef4503e5024046617cdfcc550b56c1acc4817ce7ac144", size = 12992392, upload-time = "2026-09-01T00:26:24.44Z" },
]

[[package]]
name = "typing-extensions"
version = "4.16.0"
source = { registry = "https://pypi.org/simple" }
sdist = { url = "https://files.pythonhosted.org/packages/f6/cc/6253133b5bb138fc3306cebfbda2c520f545d36b5be2c7255cc528bb45d6/typing_extensions-4.16.0.tar.gz", hash = "sha256:dc983d19a509c94dba722ee6abd33940f7c05a89e243c47e907eb4db6f1a43e5", size = 113555, upload-time = "2026-07-02T08:40:05.92Z" }
wheels = [
    { url = "https://files.pythonhosted.org/packages/49/d3/b8441a820a491ddfc024b0b0cf0393375b75ea13866d9c66727e54c2fc80/typing_extensions-4.16.0-py3-none-any.whl", hash = "sha256:481caa481374e813c1b176ada14e97f1f67a4539ce9cfeb3f350d78d6370c2e8", size = 45571, upload-time = "2026-07-02T08:40:04.659Z" },
]

[[package]]
name = "typing-inspection"
version = "0.4.4"
source = { registry = "https://pypi.org/simple" }
dependencies = [
    { name = "typing-extensions" },
]
sdist = { url = "https://files.pythonhosted.org/packages/a3/26/b09b8010994eccc3c09092e6b34058f36a460eea2d4c3e8b910c695975a0/typing_inspection-0.4.4.tar.gz", hash = "sha256:547274fa6b0a561ccf549cc9524b999a578e737d015d8709d021f9d0d13bea47", size = 76928, upload-time = "2026-08-12T12:37:25.997Z" }
wheels = [
    { url = "https://files.pythonhosted.org/packages/67/81/4add07e5172b7ac40d8ed5ff580409a7801a4fe26d529bdd915401dabfbe/typing_inspection-0.4.4-py3-none-any.whl", hash = "sha256:65b8397ba37ccbce054456aaccddfc91e6e3083c92824df348d96ca832f3f147", size = 14750, upload-time = "2026-08-12T12:37:24.648Z" },
]
